
Microsoft Visual Studio Solution File, Format Version 12.00
# Visual Studio 15
VisualStudioVersion = 15.0.27004.2008
MinimumVisualStudioVersion = 10.0.40219.1
Project("{9A19103F-16F7-4668-BE54-9A1E7A4F7556}") = "ConsoleApp", "ConsoleApp\ConsoleApp.csproj", "{5FF98E8D-DB45-46FD-864C-4BF7790BAB7A}"
EndProject
Project("{FAE04EC0-301F-11D3-BF4B-00C04F79EFBC}") = "ConsoleAppAmazon", "ConsoleAppAmazon\ConsoleAppAmazon.csproj", "{90F202C6-A8F7-48C7-8FAA-F2A3866B4DAF}"
EndProject
Global
	GlobalSection(SolutionConfigurationPlatforms) = preSolution
		Debug|Any CPU = Debug|Any CPU
		Release|Any CPU = Release|Any CPU
	EndGlobalSection
	GlobalSection(ProjectConfigurationPlatforms) = postSolution
		{5FF98E8D-DB45-46FD-864C-4BF7790BAB7A}.Debug|Any CPU.ActiveCfg = Debug|Any CPU
		{5FF98E8D-DB45-46FD-864C-4BF7790BAB7A}.Debug|Any CPU.Build.0 = Debug|Any CPU
		{5FF98E8D-DB45-46FD-864C-4BF7790BAB7A}.Release|Any CPU.ActiveCfg = Release|Any CPU
		{5FF98E8D-DB45-46FD-864C-4BF7790BAB7A}.Release|Any CPU.Build.0 = Release|Any CPU
		{90F202C6-A8F7-48C7-8FAA-F2A3866B4DAF}.Debug|Any CPU.ActiveCfg = Debug|Any CPU
		{90F202C6-A8F7-48C7-8FAA-F2A3866B4DAF}.Debug|Any CPU.Build.0 = Debug|Any CPU
		{90F202C6-A8F7-48C7-8FAA-F2A3866B4DAF}.Release|Any CPU.ActiveCfg = Release|Any CPU
		{90F202C6-A8F7-48C7-8FAA-F2A3866B4DAF}.Release|Any CPU.Build.0 = Release|Any CPU
	EndGlobalSection
	GlobalSection(SolutionProperties) = preSolution
		HideSolutionNode = FALSE
	EndGlobalSection
	GlobalSection(ExtensibilityGlobals) = postSolution
		SolutionGuid = {2CBFD970-3886-429A-8393-8AF13E3E9EC9}
	EndGlobalSection
EndGlobal
